
Microsoft Visual Studio Solution File, Format Version 12.00
# Visual Studio Version 17
VisualStudioVersion = 17.0.31903.59
MinimumVisualStudioVersion = 10.0.40219.1
Project("{2150E333-8FDC-42A3-9474-1A3956D46DE8}") = "src", "src", "{DE8BDB1D-4999-41BA-BD08-C37091ACE33F}"
EndProject
Project("{FAE04EC0-301F-11D3-BF4B-00C04F79EFBC}") = "SimpsonsBeverages.QuotingTool.Calculations", "src\SimpsonsBeverages.QuotingTool.Calculations\SimpsonsBeverages.QuotingTool.Calculations.csproj", "{0080A048-9028-4E53-9456-DE644EEBE970}"
EndProject
Project("{2150E333-8FDC-42A3-9474-1A3956D46DE8}") = "tests", "tests", "{C98CE8C3-F494-45FE-A785-56CD71658BCC}"
EndProject
Project("{FAE04EC0-301F-11D3-BF4B-00C04F79EFBC}") = "SimpsonsBeverages.QuotingTool.RegressionHarness", "tests\SimpsonsBeverages.QuotingTool.RegressionHarness\SimpsonsBeverages.QuotingTool.RegressionHarness.csproj", "{D3DD065D-A11D-47CD-99FD-FCDEE6117C51}"
EndProject
Project("{FAE04EC0-301F-11D3-BF4B-00C04F79EFBC}") = "SimpsonsBeverages.QuotingTool.App", "src\SimpsonsBeverages.QuotingTool.App\SimpsonsBeverages.QuotingTool.App.csproj", "{F7CBAB4A-4C13-4985-806E-32B48909AD1C}"
EndProject
Global
	GlobalSection(SolutionConfigurationPlatforms) = preSolution
		Debug|Any CPU = Debug|Any CPU
		Release|Any CPU = Release|Any CPU
	EndGlobalSection
	GlobalSection(SolutionProperties) = preSolution
		HideSolutionNode = FALSE
	EndGlobalSection
	GlobalSection(ProjectConfigurationPlatforms) = postSolution
		{0080A048-9028-4E53-9456-DE644EEBE970}.Debug|Any CPU.ActiveCfg = Debug|Any CPU
		{0080A048-9028-4E53-9456-DE644EEBE970}.Debug|Any CPU.Build.0 = Debug|Any CPU
		{0080A048-9028-4E53-9456-DE644EEBE970}.Release|Any CPU.ActiveCfg = Release|Any CPU
		{0080A048-9028-4E53-9456-DE644EEBE970}.Release|Any CPU.Build.0 = Release|Any CPU
		{D3DD065D-A11D-47CD-99FD-FCDEE6117C51}.Debug|Any CPU.ActiveCfg = Debug|Any CPU
		{D3DD065D-A11D-47CD-99FD-FCDEE6117C51}.Debug|Any CPU.Build.0 = Debug|Any CPU
		{D3DD065D-A11D-47CD-99FD-FCDEE6117C51}.Release|Any CPU.ActiveCfg = Release|Any CPU
		{D3DD065D-A11D-47CD-99FD-FCDEE6117C51}.Release|Any CPU.Build.0 = Release|Any CPU
		{F7CBAB4A-4C13-4985-806E-32B48909AD1C}.Debug|Any CPU.ActiveCfg = Debug|Any CPU
		{F7CBAB4A-4C13-4985-806E-32B48909AD1C}.Debug|Any CPU.Build.0 = Debug|Any CPU
		{F7CBAB4A-4C13-4985-806E-32B48909AD1C}.Release|Any CPU.ActiveCfg = Release|Any CPU
		{F7CBAB4A-4C13-4985-806E-32B48909AD1C}.Release|Any CPU.Build.0 = Release|Any CPU
	EndGlobalSection
	GlobalSection(NestedProjects) = preSolution
		{0080A048-9028-4E53-9456-DE644EEBE970} = {DE8BDB1D-4999-41BA-BD08-C37091ACE33F}
		{D3DD065D-A11D-47CD-99FD-FCDEE6117C51} = {C98CE8C3-F494-45FE-A785-56CD71658BCC}
		{F7CBAB4A-4C13-4985-806E-32B48909AD1C} = {DE8BDB1D-4999-41BA-BD08-C37091ACE33F}
	EndGlobalSection
EndGlobal
